
Microsoft Visual Studio Solution File, Format Version 12.00
# Visual Studio 15
VisualStudioVersion = 15.0.28010.0
MinimumVisualStudioVersion = 10.0.40219.1
Project("{FAE04EC0-301F-11D3-BF4B-00C04F79EFBC}") = "MiniprojektiKysely", "MiniprojektiKysely\MiniprojektiKysely.csproj", "{14EA82C7-82C0-4185-8087-85157440A137}"
EndProject
Global
	GlobalSection(SolutionConfigurationPlatforms) = preSolution
		Debug|Any CPU = Debug|Any CPU
		Release|Any CPU = Release|Any CPU
	EndGlobalSection
	GlobalSection(ProjectConfigurationPlatforms) = postSolution
		{14EA82C7-82C0-4185-8087-85157440A137}.Debug|Any CPU.ActiveCfg = Debug|Any CPU
		{14EA82C7-82C0-4185-8087-85157440A137}.Debug|Any CPU.Build.0 = Debug|Any CPU
		{14EA82C7-82C0-4185-8087-85157440A137}.Release|Any CPU.ActiveCfg = Release|Any CPU
		{14EA82C7-82C0-4185-8087-85157440A137}.Release|Any CPU.Build.0 = Release|Any CPU
	EndGlobalSection
	GlobalSection(SolutionProperties) = preSolution
		HideSolutionNode = FALSE
	EndGlobalSection
	GlobalSection(ExtensibilityGlobals) = postSolution
		SolutionGuid = {25E3333F-31A2-4B31-8001-CC21BE0018CB}
	EndGlobalSection
EndGlobal
