
Microsoft Visual Studio Solution File, Format Version 12.00
# Visual Studio 15
VisualStudioVersion = 15.0.28010.2003
MinimumVisualStudioVersion = 10.0.40219.1
Project("{FAE04EC0-301F-11D3-BF4B-00C04F79EFBC}") = "Miniprojekti", "Miniprojekti\Miniprojekti.csproj", "{33538750-34F3-4A7A-8F7B-0891B71ADFC5}"
EndProject
Global
	GlobalSection(SolutionConfigurationPlatforms) = preSolution
		Debug|Any CPU = Debug|Any CPU
		Release|Any CPU = Release|Any CPU
	EndGlobalSection
	GlobalSection(ProjectConfigurationPlatforms) = postSolution
		{33538750-34F3-4A7A-8F7B-0891B71ADFC5}.Debug|Any CPU.ActiveCfg = Debug|Any CPU
		{33538750-34F3-4A7A-8F7B-0891B71ADFC5}.Debug|Any CPU.Build.0 = Debug|Any CPU
		{33538750-34F3-4A7A-8F7B-0891B71ADFC5}.Release|Any CPU.ActiveCfg = Release|Any CPU
		{33538750-34F3-4A7A-8F7B-0891B71ADFC5}.Release|Any CPU.Build.0 = Release|Any CPU
	EndGlobalSection
	GlobalSection(SolutionProperties) = preSolution
		HideSolutionNode = FALSE
	EndGlobalSection
	GlobalSection(ExtensibilityGlobals) = postSolution
		SolutionGuid = {3D83335F-419A-4F0D-A324-9DE0D1028DAF}
	EndGlobalSection
EndGlobal
